
Microsoft Visual Studio Solution File, Format Version 12.00
# Visual Studio Version 17
VisualStudioVersion = 17.6.33815.320
MinimumVisualStudioVersion = 10.0.40219.1
Project("{FAE04EC0-301F-11D3-BF4B-00C04F79EFBC}") = "Rest Web Api", "Rest Web Api\Rest Web Api.csproj", "{69D80BC8-ED59-4C42-BE02-695C0AB0CAEF}"
EndProject
Global
	GlobalSection(SolutionConfigurationPlatforms) = preSolution
		Debug|Any CPU = Debug|Any CPU
		Release|Any CPU = Release|Any CPU
	EndGlobalSection
	GlobalSection(ProjectConfigurationPlatforms) = postSolution
		{69D80BC8-ED59-4C42-BE02-695C0AB0CAEF}.Debug|Any CPU.ActiveCfg = Debug|Any CPU
		{69D80BC8-ED59-4C42-BE02-695C0AB0CAEF}.Debug|Any CPU.Build.0 = Debug|Any CPU
		{69D80BC8-ED59-4C42-BE02-695C0AB0CAEF}.Release|Any CPU.ActiveCfg = Release|Any CPU
		{69D80BC8-ED59-4C42-BE02-695C0AB0CAEF}.Release|Any CPU.Build.0 = Release|Any CPU
	EndGlobalSection
	GlobalSection(SolutionProperties) = preSolution
		HideSolutionNode = FALSE
	EndGlobalSection
	GlobalSection(ExtensibilityGlobals) = postSolution
		SolutionGuid = {89E0296C-DADA-4A6C-8044-BB2428E25F82}
	EndGlobalSection
EndGlobal
