
Microsoft Visual Studio Solution File, Format Version 12.00
# Visual Studio Version 17
VisualStudioVersion = 17.6.33815.320
MinimumVisualStudioVersion = 10.0.40219.1
Project("{FAE04EC0-301F-11D3-BF4B-00C04F79EFBC}") = "WebRestApi", "WebRestApi\WebRestApi.csproj", "{24C3F485-54BB-439A-B667-F2B84490D062}"
EndProject
Global
	GlobalSection(SolutionConfigurationPlatforms) = preSolution
		Debug|Any CPU = Debug|Any CPU
		Release|Any CPU = Release|Any CPU
	EndGlobalSection
	GlobalSection(ProjectConfigurationPlatforms) = postSolution
		{24C3F485-54BB-439A-B667-F2B84490D062}.Debug|Any CPU.ActiveCfg = Debug|Any CPU
		{24C3F485-54BB-439A-B667-F2B84490D062}.Debug|Any CPU.Build.0 = Debug|Any CPU
		{24C3F485-54BB-439A-B667-F2B84490D062}.Release|Any CPU.ActiveCfg = Release|Any CPU
		{24C3F485-54BB-439A-B667-F2B84490D062}.Release|Any CPU.Build.0 = Release|Any CPU
	EndGlobalSection
	GlobalSection(SolutionProperties) = preSolution
		HideSolutionNode = FALSE
	EndGlobalSection
	GlobalSection(ExtensibilityGlobals) = postSolution
		SolutionGuid = {90EBB66B-8952-4BAE-8733-9BFD78C086E3}
	EndGlobalSection
EndGlobal
