
Microsoft Visual Studio Solution File, Format Version 12.00
# Visual Studio Version 17
VisualStudioVersion = 17.6.33815.320
MinimumVisualStudioVersion = 10.0.40219.1
Project("{FAE04EC0-301F-11D3-BF4B-00C04F79EFBC}") = "WebApplication1", "WebApplication1\WebApplication1.csproj", "{612195F5-85C0-4A9E-850E-4035AD3C6525}"
EndProject
Global
	GlobalSection(SolutionConfigurationPlatforms) = preSolution
		Debug|Any CPU = Debug|Any CPU
		Release|Any CPU = Release|Any CPU
	EndGlobalSection
	GlobalSection(ProjectConfigurationPlatforms) = postSolution
		{612195F5-85C0-4A9E-850E-4035AD3C6525}.Debug|Any CPU.ActiveCfg = Debug|Any CPU
		{612195F5-85C0-4A9E-850E-4035AD3C6525}.Debug|Any CPU.Build.0 = Debug|Any CPU
		{612195F5-85C0-4A9E-850E-4035AD3C6525}.Release|Any CPU.ActiveCfg = Release|Any CPU
		{612195F5-85C0-4A9E-850E-4035AD3C6525}.Release|Any CPU.Build.0 = Release|Any CPU
	EndGlobalSection
	GlobalSection(SolutionProperties) = preSolution
		HideSolutionNode = FALSE
	EndGlobalSection
	GlobalSection(ExtensibilityGlobals) = postSolution
		SolutionGuid = {562762F9-DD8F-4495-B219-8ED80893C97E}
	EndGlobalSection
EndGlobal
