
Microsoft Visual Studio Solution File, Format Version 12.00
# Visual Studio Version 17
VisualStudioVersion = 17.6.33815.320
MinimumVisualStudioVersion = 10.0.40219.1
Project("{FAE04EC0-301F-11D3-BF4B-00C04F79EFBC}") = "СurrencyСonverter", "СurrencyСonverter\СurrencyСonverter.csproj", "{3D255CEA-FB50-45FF-9B43-1EE69C0DD9C4}"
EndProject
Global
	GlobalSection(SolutionConfigurationPlatforms) = preSolution
		Debug|Any CPU = Debug|Any CPU
		Release|Any CPU = Release|Any CPU
	EndGlobalSection
	GlobalSection(ProjectConfigurationPlatforms) = postSolution
		{3D255CEA-FB50-45FF-9B43-1EE69C0DD9C4}.Debug|Any CPU.ActiveCfg = Debug|Any CPU
		{3D255CEA-FB50-45FF-9B43-1EE69C0DD9C4}.Debug|Any CPU.Build.0 = Debug|Any CPU
		{3D255CEA-FB50-45FF-9B43-1EE69C0DD9C4}.Release|Any CPU.ActiveCfg = Release|Any CPU
		{3D255CEA-FB50-45FF-9B43-1EE69C0DD9C4}.Release|Any CPU.Build.0 = Release|Any CPU
	EndGlobalSection
	GlobalSection(SolutionProperties) = preSolution
		HideSolutionNode = FALSE
	EndGlobalSection
	GlobalSection(ExtensibilityGlobals) = postSolution
		SolutionGuid = {6C78B6A7-ED04-4F8F-852C-3B2C45A95E09}
	EndGlobalSection
EndGlobal
